
Microsoft Visual Studio Solution File, Format Version 12.00
# Visual Studio 14
VisualStudioVersion = 14.0.25420.1
MinimumVisualStudioVersion = 10.0.40219.1
Project("{FAE04EC0-301F-11D3-BF4B-00C04F79EFBC}") = "XPedidos", "XPedidos\XPedidos\XPedidos.csproj", "{744E2BE9-9987-4B30-8F00-5E7C9173BDC8}"
EndProject
Project("{FAE04EC0-301F-11D3-BF4B-00C04F79EFBC}") = "XPedidos.Droid", "XPedidos\XPedidos.Droid\XPedidos.Droid.csproj", "{4C9FAF09-A791-4324-98E5-D1313145245B}"
EndProject
Project("{FAE04EC0-301F-11D3-BF4B-00C04F79EFBC}") = "XPedidos.iOS", "XPedidos\XPedidos.iOS\XPedidos.iOS.csproj", "{BDA5976D-B231-45EF-AFB6-204CFF00BE9E}"
EndProject
Project("{FAE04EC0-301F-11D3-BF4B-00C04F79EFBC}") = "XPedidos.WinPhone", "XPedidos\XPedidos.WinPhone\XPedidos.WinPhone.csproj", "{2E56AFF3-B46E-42CC-82C7-5DCF97BFCF35}"
EndProject
Project("{FAE04EC0-301F-11D3-BF4B-00C04F79EFBC}") = "XPedidos.UWP", "XPedidos\XPedidos.UWP\XPedidos.UWP.csproj", "{72E65D47-6709-465C-B2C6-CD61969BFD87}"
EndProject
Project("{FAE04EC0-301F-11D3-BF4B-00C04F79EFBC}") = "XPedidos.Windows", "XPedidos\XPedidos.Windows\XPedidos.Windows.csproj", "{E08C67E0-F44F-4659-9753-23F70490979E}"
EndProject
Global
	GlobalSection(SolutionConfigurationPlatforms) = preSolution
		Ad-Hoc|Any CPU = Ad-Hoc|Any CPU
		Ad-Hoc|ARM = Ad-Hoc|ARM
		Ad-Hoc|iPhone = Ad-Hoc|iPhone
		Ad-Hoc|iPhoneSimulator = Ad-Hoc|iPhoneSimulator
		Ad-Hoc|x64 = Ad-Hoc|x64
		Ad-Hoc|x86 = Ad-Hoc|x86
		AppStore|Any CPU = AppStore|Any CPU
		AppStore|ARM = AppStore|ARM
		AppStore|iPhone = AppStore|iPhone
		AppStore|iPhoneSimulator = AppStore|iPhoneSimulator
		AppStore|x64 = AppStore|x64
		AppStore|x86 = AppStore|x86
		Debug|Any CPU = Debug|Any CPU
		Debug|ARM = Debug|ARM
		Debug|iPhone = Debug|iPhone
		Debug|iPhoneSimulator = Debug|iPhoneSimulator
		Debug|x64 = Debug|x64
		Debug|x86 = Debug|x86
		Release|Any CPU = Release|Any CPU
		Release|ARM = Release|ARM
		Release|iPhone = Release|iPhone
		Release|iPhoneSimulator = Release|iPhoneSimulator
		Release|x64 = Release|x64
		Release|x86 = Release|x86
	EndGlobalSection
	GlobalSection(ProjectConfigurationPlatforms) = postSolution
		{744E2BE9-9987-4B30-8F00-5E7C9173BDC8}.Ad-Hoc|Any CPU.ActiveCfg = Release|Any CPU
		{744E2BE9-9987-4B30-8F00-5E7C9173BDC8}.Ad-Hoc|Any CPU.Build.0 = Release|Any CPU
		{744E2BE9-9987-4B30-8F00-5E7C9173BDC8}.Ad-Hoc|ARM.ActiveCfg = Release|Any CPU
		{744E2BE9-9987-4B30-8F00-5E7C9173BDC8}.Ad-Hoc|ARM.Build.0 = Release|Any CPU
		{744E2BE9-9987-4B30-8F00-5E7C9173BDC8}.Ad-Hoc|iPhone.ActiveCfg = Release|Any CPU
		{744E2BE9-9987-4B30-8F00-5E7C9173BDC8}.Ad-Hoc|iPhone.Build.0 = Release|Any CPU
		{744E2BE9-9987-4B30-8F00-5E7C9173BDC8}.Ad-Hoc|iPhoneSimulator.ActiveCfg = Release|Any CPU
		{744E2BE9-9987-4B30-8F00-5E7C9173BDC8}.Ad-Hoc|iPhoneSimulator.Build.0 = Release|Any CPU
		{744E2BE9-9987-4B30-8F00-5E7C9173BDC8}.Ad-Hoc|x64.ActiveCfg = Release|Any CPU
		{744E2BE9-9987-4B30-8F00-5E7C9173BDC8}.Ad-Hoc|x64.Build.0 = Release|Any CPU
		{744E2BE9-9987-4B30-8F00-5E7C9173BDC8}.Ad-Hoc|x86.ActiveCfg = Release|Any CPU
		{744E2BE9-9987-4B30-8F00-5E7C9173BDC8}.Ad-Hoc|x86.Build.0 = Release|Any CPU
		{744E2BE9-9987-4B30-8F00-5E7C9173BDC8}.AppStore|Any CPU.ActiveCfg = Release|Any CPU
		{744E2BE9-9987-4B30-8F00-5E7C9173BDC8}.AppStore|Any CPU.Build.0 = Release|Any CPU
		{744E2BE9-9987-4B30-8F00-5E7C9173BDC8}.AppStore|ARM.ActiveCfg = Release|Any CPU
		{744E2BE9-9987-4B30-8F00-5E7C9173BDC8}.AppStore|ARM.Build.0 = Release|Any CPU
		{744E2BE9-9987-4B30-8F00-5E7C9173BDC8}.AppStore|iPhone.ActiveCfg = Release|Any CPU
		{744E2BE9-9987-4B30-8F00-5E7C9173BDC8}.AppStore|iPhone.Build.0 = Release|Any CPU
		{744E2BE9-9987-4B30-8F00-5E7C9173BDC8}.AppStore|iPhoneSimulator.ActiveCfg = Release|Any CPU
		{744E2BE9-9987-4B30-8F00-5E7C9173BDC8}.AppStore|iPhoneSimulator.Build.0 = Release|Any CPU
		{744E2BE9-9987-4B30-8F00-5E7C9173BDC8}.AppStore|x64.ActiveCfg = Release|Any CPU
		{744E2BE9-9987-4B30-8F00-5E7C9173BDC8}.AppStore|x64.Build.0 = Release|Any CPU
		{744E2BE9-9987-4B30-8F00-5E7C9173BDC8}.AppStore|x86.ActiveCfg = Release|Any CPU
		{744E2BE9-9987-4B30-8F00-5E7C9173BDC8}.AppStore|x86.Build.0 = Release|Any CPU
		{744E2BE9-9987-4B30-8F00-5E7C9173BDC8}.Debug|Any CPU.ActiveCfg = Debug|Any CPU
		{744E2BE9-9987-4B30-8F00-5E7C9173BDC8}.Debug|Any CPU.Build.0 = Debug|Any CPU
		{744E2BE9-9987-4B30-8F00-5E7C9173BDC8}.Debug|ARM.ActiveCfg = Debug|Any CPU
		{744E2BE9-9987-4B30-8F00-5E7C9173BDC8}.Debug|ARM.Build.0 = Debug|Any CPU
		{744E2BE9-9987-4B30-8F00-5E7C9173BDC8}.Debug|iPhone.ActiveCfg = Debug|Any CPU
		{744E2BE9-9987-4B30-8F00-5E7C9173BDC8}.Debug|iPhone.Build.0 = Debug|Any CPU
		{744E2BE9-9987-4B30-8F00-5E7C9173BDC8}.Debug|iPhoneSimulator.ActiveCfg = Debug|Any CPU
		{744E2BE9-9987-4B30-8F00-5E7C9173BDC8}.Debug|iPhoneSimulator.Build.0 = Debug|Any CPU
		{744E2BE9-9987-4B30-8F00-5E7C9173BDC8}.Debug|x64.ActiveCfg = Debug|Any CPU
		{744E2BE9-9987-4B30-8F00-5E7C9173BDC8}.Debug|x64.Build.0 = Debug|Any CPU
		{744E2BE9-9987-4B30-8F00-5E7C9173BDC8}.Debug|x86.ActiveCfg = Debug|Any CPU
		{744E2BE9-9987-4B30-8F00-5E7C9173BDC8}.Debug|x86.Build.0 = Debug|Any CPU
		{744E2BE9-9987-4B30-8F00-5E7C9173BDC8}.Release|Any CPU.ActiveCfg = Release|Any CPU
		{744E2BE9-9987-4B30-8F00-5E7C9173BDC8}.Release|Any CPU.Build.0 = Release|Any CPU
		{744E2BE9-9987-4B30-8F00-5E7C9173BDC8}.Release|ARM.ActiveCfg = Release|Any CPU
		{744E2BE9-9987-4B30-8F00-5E7C9173BDC8}.Release|ARM.Build.0 = Release|Any CPU
		{744E2BE9-9987-4B30-8F00-5E7C9173BDC8}.Release|iPhone.ActiveCfg = Release|Any CPU
		{744E2BE9-9987-4B30-8F00-5E7C9173BDC8}.Release|iPhone.Build.0 = Release|Any CPU
		{744E2BE9-9987-4B30-8F00-5E7C9173BDC8}.Release|iPhoneSimulator.ActiveCfg = Release|Any CPU
		{744E2BE9-9987-4B30-8F00-5E7C9173BDC8}.Release|iPhoneSimulator.Build.0 = Release|Any CPU
		{744E2BE9-9987-4B30-8F00-5E7C9173BDC8}.Release|x64.ActiveCfg = Release|Any CPU
		{744E2BE9-9987-4B30-8F00-5E7C9173BDC8}.Release|x64.Build.0 = Release|Any CPU
		{744E2BE9-9987-4B30-8F00-5E7C9173BDC8}.Release|x86.ActiveCfg = Release|Any CPU
		{744E2BE9-9987-4B30-8F00-5E7C9173BDC8}.Release|x86.Build.0 = Release|Any CPU
		{4C9FAF09-A791-4324-98E5-D1313145245B}.Ad-Hoc|Any CPU.ActiveCfg = Release|Any CPU
		{4C9FAF09-A791-4324-98E5-D1313145245B}.Ad-Hoc|Any CPU.Build.0 = Release|Any CPU
		{4C9FAF09-A791-4324-98E5-D1313145245B}.Ad-Hoc|Any CPU.Deploy.0 = Release|Any CPU
		{4C9FAF09-A791-4324-98E5-D1313145245B}.Ad-Hoc|ARM.ActiveCfg = Release|Any CPU
		{4C9FAF09-A791-4324-98E5-D1313145245B}.Ad-Hoc|ARM.Build.0 = Release|Any CPU
		{4C9FAF09-A791-4324-98E5-D1313145245B}.Ad-Hoc|ARM.Deploy.0 = Release|Any CPU
		{4C9FAF09-A791-4324-98E5-D1313145245B}.Ad-Hoc|iPhone.ActiveCfg = Release|Any CPU
		{4C9FAF09-A791-4324-98E5-D1313145245B}.Ad-Hoc|iPhone.Build.0 = Release|Any CPU
		{4C9FAF09-A791-4324-98E5-D1313145245B}.Ad-Hoc|iPhone.Deploy.0 = Release|Any CPU
		{4C9FAF09-A791-4324-98E5-D1313145245B}.Ad-Hoc|iPhoneSimulator.ActiveCfg = Release|Any CPU
		{4C9FAF09-A791-4324-98E5-D1313145245B}.Ad-Hoc|iPhoneSimulator.Build.0 = Release|Any CPU
		{4C9FAF09-A791-4324-98E5-D1313145245B}.Ad-Hoc|iPhoneSimulator.Deploy.0 = Release|Any CPU
		{4C9FAF09-A791-4324-98E5-D1313145245B}.Ad-Hoc|x64.ActiveCfg = Release|Any CPU
		{4C9FAF09-A791-4324-98E5-D1313145245B}.Ad-Hoc|x64.Build.0 = Release|Any CPU
		{4C9FAF09-A791-4324-98E5-D1313145245B}.Ad-Hoc|x64.Deploy.0 = Release|Any CPU
		{4C9FAF09-A791-4324-98E5-D1313145245B}.Ad-Hoc|x86.ActiveCfg = Release|Any CPU
		{4C9FAF09-A791-4324-98E5-D1313145245B}.Ad-Hoc|x86.Build.0 = Release|Any CPU
		{4C9FAF09-A791-4324-98E5-D1313145245B}.Ad-Hoc|x86.Deploy.0 = Release|Any CPU
		{4C9FAF09-A791-4324-98E5-D1313145245B}.AppStore|Any CPU.ActiveCfg = Release|Any CPU
		{4C9FAF09-A791-4324-98E5-D1313145245B}.AppStore|Any CPU.Build.0 = Release|Any CPU
		{4C9FAF09-A791-4324-98E5-D1313145245B}.AppStore|Any CPU.Deploy.0 = Release|Any CPU
		{4C9FAF09-A791-4324-98E5-D1313145245B}.AppStore|ARM.ActiveCfg = Release|Any CPU
		{4C9FAF09-A791-4324-98E5-D1313145245B}.AppStore|ARM.Build.0 = Release|Any CPU
		{4C9FAF09-A791-4324-98E5-D1313145245B}.AppStore|ARM.Deploy.0 = Release|Any CPU
		{4C9FAF09-A791-4324-98E5-D1313145245B}.AppStore|iPhone.ActiveCfg = Release|Any CPU
		{4C9FAF09-A791-4324-98E5-D1313145245B}.AppStore|iPhone.Build.0 = Release|Any CPU
		{4C9FAF09-A791-4324-98E5-D1313145245B}.AppStore|iPhone.Deploy.0 = Release|Any CPU
		{4C9FAF09-A791-4324-98E5-D1313145245B}.AppStore|iPhoneSimulator.ActiveCfg = Release|Any CPU
		{4C9FAF09-A791-4324-98E5-D1313145245B}.AppStore|iPhoneSimulator.Build.0 = Release|Any CPU
		{4C9FAF09-A791-4324-98E5-D1313145245B}.AppStore|iPhoneSimulator.Deploy.0 = Release|Any CPU
		{4C9FAF09-A791-4324-98E5-D1313145245B}.AppStore|x64.ActiveCfg = Release|Any CPU
		{4C9FAF09-A791-4324-98E5-D1313145245B}.AppStore|x64.Build.0 = Release|Any CPU
		{4C9FAF09-A791-4324-98E5-D1313145245B}.AppStore|x64.Deploy.0 = Release|Any CPU
		{4C9FAF09-A791-4324-98E5-D1313145245B}.AppStore|x86.ActiveCfg = Release|Any CPU
		{4C9FAF09-A791-4324-98E5-D1313145245B}.AppStore|x86.Build.0 = Release|Any CPU
		{4C9FAF09-A791-4324-98E5-D1313145245B}.AppStore|x86.Deploy.0 = Release|Any CPU
		{4C9FAF09-A791-4324-98E5-D1313145245B}.Debug|Any CPU.ActiveCfg = Debug|Any CPU
		{4C9FAF09-A791-4324-98E5-D1313145245B}.Debug|Any CPU.Build.0 = Debug|Any CPU
		{4C9FAF09-A791-4324-98E5-D1313145245B}.Debug|Any CPU.Deploy.0 = Debug|Any CPU
		{4C9FAF09-A791-4324-98E5-D1313145245B}.Debug|ARM.ActiveCfg = Debug|Any CPU
		{4C9FAF09-A791-4324-98E5-D1313145245B}.Debug|ARM.Build.0 = Debug|Any CPU
		{4C9FAF09-A791-4324-98E5-D1313145245B}.Debug|ARM.Deploy.0 = Debug|Any CPU
		{4C9FAF09-A791-4324-98E5-D1313145245B}.Debug|iPhone.ActiveCfg = Debug|Any CPU
		{4C9FAF09-A791-4324-98E5-D1313145245B}.Debug|iPhone.Build.0 = Debug|Any CPU
		{4C9FAF09-A791-4324-98E5-D1313145245B}.Debug|iPhone.Deploy.0 = Debug|Any CPU
		{4C9FAF09-A791-4324-98E5-D1313145245B}.Debug|iPhoneSimulator.ActiveCfg = Debug|Any CPU
		{4C9FAF09-A791-4324-98E5-D1313145245B}.Debug|iPhoneSimulator.Build.0 = Debug|Any CPU
		{4C9FAF09-A791-4324-98E5-D1313145245B}.Debug|iPhoneSimulator.Deploy.0 = Debug|Any CPU
		{4C9FAF09-A791-4324-98E5-D1313145245B}.Debug|x64.ActiveCfg = Debug|Any CPU
		{4C9FAF09-A791-4324-98E5-D1313145245B}.Debug|x64.Build.0 = Debug|Any CPU
		{4C9FAF09-A791-4324-98E5-D1313145245B}.Debug|x64.Deploy.0 = Debug|Any CPU
		{4C9FAF09-A791-4324-98E5-D1313145245B}.Debug|x86.ActiveCfg = Debug|Any CPU
		{4C9FAF09-A791-4324-98E5-D1313145245B}.Debug|x86.Build.0 = Debug|Any CPU
		{4C9FAF09-A791-4324-98E5-D1313145245B}.Debug|x86.Deploy.0 = Debug|Any CPU
		{4C9FAF09-A791-4324-98E5-D1313145245B}.Release|Any CPU.ActiveCfg = Release|Any CPU
		{4C9FAF09-A791-4324-98E5-D1313145245B}.Release|Any CPU.Build.0 = Release|Any CPU
		{4C9FAF09-A791-4324-98E5-D1313145245B}.Release|Any CPU.Deploy.0 = Release|Any CPU
		{4C9FAF09-A791-4324-98E5-D1313145245B}.Release|ARM.ActiveCfg = Release|Any CPU
		{4C9FAF09-A791-4324-98E5-D1313145245B}.Release|ARM.Build.0 = Release|Any CPU
		{4C9FAF09-A791-4324-98E5-D1313145245B}.Release|ARM.Deploy.0 = Release|Any CPU
		{4C9FAF09-A791-4324-98E5-D1313145245B}.Release|iPhone.ActiveCfg = Release|Any CPU
		{4C9FAF09-A791-4324-98E5-D1313145245B}.Release|iPhone.Build.0 = Release|Any CPU
		{4C9FAF09-A791-4324-98E5-D1313145245B}.Release|iPhone.Deploy.0 = Release|Any CPU
		{4C9FAF09-A791-4324-98E5-D1313145245B}.Release|iPhoneSimulator.ActiveCfg = Release|Any CPU
		{4C9FAF09-A791-4324-98E5-D1313145245B}.Release|iPhoneSimulator.Build.0 = Release|Any CPU
		{4C9FAF09-A791-4324-98E5-D1313145245B}.Release|iPhoneSimulator.Deploy.0 = Release|Any CPU
		{4C9FAF09-A791-4324-98E5-D1313145245B}.Release|x64.ActiveCfg = Release|Any CPU
		{4C9FAF09-A791-4324-98E5-D1313145245B}.Release|x64.Build.0 = Release|Any CPU
		{4C9FAF09-A791-4324-98E5-D1313145245B}.Release|x64.Deploy.0 = Release|Any CPU
		{4C9FAF09-A791-4324-98E5-D1313145245B}.Release|x86.ActiveCfg = Release|Any CPU
		{4C9FAF09-A791-4324-98E5-D1313145245B}.Release|x86.Build.0 = Release|Any CPU
		{4C9FAF09-A791-4324-98E5-D1313145245B}.Release|x86.Deploy.0 = Release|Any CPU
		{BDA5976D-B231-45EF-AFB6-204CFF00BE9E}.Ad-Hoc|Any CPU.ActiveCfg = Ad-Hoc|iPhone
		{BDA5976D-B231-45EF-AFB6-204CFF00BE9E}.Ad-Hoc|ARM.ActiveCfg = Ad-Hoc|iPhone
		{BDA5976D-B231-45EF-AFB6-204CFF00BE9E}.Ad-Hoc|iPhone.ActiveCfg = Ad-Hoc|iPhone
		{BDA5976D-B231-45EF-AFB6-204CFF00BE9E}.Ad-Hoc|iPhone.Build.0 = Ad-Hoc|iPhone
		{BDA5976D-B231-45EF-AFB6-204CFF00BE9E}.Ad-Hoc|iPhoneSimulator.ActiveCfg = Ad-Hoc|iPhoneSimulator
		{BDA5976D-B231-45EF-AFB6-204CFF00BE9E}.Ad-Hoc|iPhoneSimulator.Build.0 = Ad-Hoc|iPhoneSimulator
		{BDA5976D-B231-45EF-AFB6-204CFF00BE9E}.Ad-Hoc|x64.ActiveCfg = Ad-Hoc|iPhone
		{BDA5976D-B231-45EF-AFB6-204CFF00BE9E}.Ad-Hoc|x86.ActiveCfg = Ad-Hoc|iPhone
		{BDA5976D-B231-45EF-AFB6-204CFF00BE9E}.AppStore|Any CPU.ActiveCfg = AppStore|iPhone
		{BDA5976D-B231-45EF-AFB6-204CFF00BE9E}.AppStore|ARM.ActiveCfg = AppStore|iPhone
		{BDA5976D-B231-45EF-AFB6-204CFF00BE9E}.AppStore|iPhone.ActiveCfg = AppStore|iPhone
		{BDA5976D-B231-45EF-AFB6-204CFF00BE9E}.AppStore|iPhone.Build.0 = AppStore|iPhone
		{BDA5976D-B231-45EF-AFB6-204CFF00BE9E}.AppStore|iPhoneSimulator.ActiveCfg = AppStore|iPhoneSimulator
		{BDA5976D-B231-45EF-AFB6-204CFF00BE9E}.AppStore|iPhoneSimulator.Build.0 = AppStore|iPhoneSimulator
		{BDA5976D-B231-45EF-AFB6-204CFF00BE9E}.AppStore|x64.ActiveCfg = AppStore|iPhone
		{BDA5976D-B231-45EF-AFB6-204CFF00BE9E}.AppStore|x86.ActiveCfg = AppStore|iPhone
		{BDA5976D-B231-45EF-AFB6-204CFF00BE9E}.Debug|Any CPU.ActiveCfg = Debug|iPhone
		{BDA5976D-B231-45EF-AFB6-204CFF00BE9E}.Debug|Any CPU.Build.0 = Debug|iPhone
		{BDA5976D-B231-45EF-AFB6-204CFF00BE9E}.Debug|ARM.ActiveCfg = Debug|iPhone
		{BDA5976D-B231-45EF-AFB6-204CFF00BE9E}.Debug|iPhone.ActiveCfg = Debug|iPhone
		{BDA5976D-B231-45EF-AFB6-204CFF00BE9E}.Debug|iPhone.Build.0 = Debug|iPhone
		{BDA5976D-B231-45EF-AFB6-204CFF00BE9E}.Debug|iPhoneSimulator.ActiveCfg = Debug|iPhoneSimulator
		{BDA5976D-B231-45EF-AFB6-204CFF00BE9E}.Debug|iPhoneSimulator.Build.0 = Debug|iPhoneSimulator
		{BDA5976D-B231-45EF-AFB6-204CFF00BE9E}.Debug|x64.ActiveCfg = Debug|iPhone
		{BDA5976D-B231-45EF-AFB6-204CFF00BE9E}.Debug|x86.ActiveCfg = Debug|iPhone
		{BDA5976D-B231-45EF-AFB6-204CFF00BE9E}.Release|Any CPU.ActiveCfg = Release|iPhone
		{BDA5976D-B231-45EF-AFB6-204CFF00BE9E}.Release|ARM.ActiveCfg = Release|iPhone
		{BDA5976D-B231-45EF-AFB6-204CFF00BE9E}.Release|iPhone.ActiveCfg = Release|iPhone
		{BDA5976D-B231-45EF-AFB6-204CFF00BE9E}.Release|iPhone.Build.0 = Release|iPhone
		{BDA5976D-B231-45EF-AFB6-204CFF00BE9E}.Release|iPhoneSimulator.ActiveCfg = Release|iPhoneSimulator
		{BDA5976D-B231-45EF-AFB6-204CFF00BE9E}.Release|iPhoneSimulator.Build.0 = Release|iPhoneSimulator
		{BDA5976D-B231-45EF-AFB6-204CFF00BE9E}.Release|x64.ActiveCfg = Release|iPhone
		{BDA5976D-B231-45EF-AFB6-204CFF00BE9E}.Release|x86.ActiveCfg = Release|iPhone
		{2E56AFF3-B46E-42CC-82C7-5DCF97BFCF35}.Ad-Hoc|Any CPU.ActiveCfg = Release|Any CPU
		{2E56AFF3-B46E-42CC-82C7-5DCF97BFCF35}.Ad-Hoc|Any CPU.Build.0 = Release|Any CPU
		{2E56AFF3-B46E-42CC-82C7-5DCF97BFCF35}.Ad-Hoc|Any CPU.Deploy.0 = Release|Any CPU
		{2E56AFF3-B46E-42CC-82C7-5DCF97BFCF35}.Ad-Hoc|ARM.ActiveCfg = Release|ARM
		{2E56AFF3-B46E-42CC-82C7-5DCF97BFCF35}.Ad-Hoc|ARM.Build.0 = Release|ARM
		{2E56AFF3-B46E-42CC-82C7-5DCF97BFCF35}.Ad-Hoc|ARM.Deploy.0 = Release|ARM
		{2E56AFF3-B46E-42CC-82C7-5DCF97BFCF35}.Ad-Hoc|iPhone.ActiveCfg = Release|Any CPU
		{2E56AFF3-B46E-42CC-82C7-5DCF97BFCF35}.Ad-Hoc|iPhone.Build.0 = Release|Any CPU
		{2E56AFF3-B46E-42CC-82C7-5DCF97BFCF35}.Ad-Hoc|iPhone.Deploy.0 = Release|Any CPU
		{2E56AFF3-B46E-42CC-82C7-5DCF97BFCF35}.Ad-Hoc|iPhoneSimulator.ActiveCfg = Release|Any CPU
		{2E56AFF3-B46E-42CC-82C7-5DCF97BFCF35}.Ad-Hoc|iPhoneSimulator.Build.0 = Release|Any CPU
		{2E56AFF3-B46E-42CC-82C7-5DCF97BFCF35}.Ad-Hoc|iPhoneSimulator.Deploy.0 = Release|Any CPU
		{2E56AFF3-B46E-42CC-82C7-5DCF97BFCF35}.Ad-Hoc|x64.ActiveCfg = Release|Any CPU
		{2E56AFF3-B46E-42CC-82C7-5DCF97BFCF35}.Ad-Hoc|x64.Build.0 = Release|Any CPU
		{2E56AFF3-B46E-42CC-82C7-5DCF97BFCF35}.Ad-Hoc|x64.Deploy.0 = Release|Any CPU
		{2E56AFF3-B46E-42CC-82C7-5DCF97BFCF35}.Ad-Hoc|x86.ActiveCfg = Release|x86
		{2E56AFF3-B46E-42CC-82C7-5DCF97BFCF35}.Ad-Hoc|x86.Build.0 = Release|x86
		{2E56AFF3-B46E-42CC-82C7-5DCF97BFCF35}.Ad-Hoc|x86.Deploy.0 = Release|x86
		{2E56AFF3-B46E-42CC-82C7-5DCF97BFCF35}.AppStore|Any CPU.ActiveCfg = Release|Any CPU
		{2E56AFF3-B46E-42CC-82C7-5DCF97BFCF35}.AppStore|Any CPU.Build.0 = Release|Any CPU
		{2E56AFF3-B46E-42CC-82C7-5DCF97BFCF35}.AppStore|Any CPU.Deploy.0 = Release|Any CPU
		{2E56AFF3-B46E-42CC-82C7-5DCF97BFCF35}.AppStore|ARM.ActiveCfg = Release|ARM
		{2E56AFF3-B46E-42CC-82C7-5DCF97BFCF35}.AppStore|ARM.Build.0 = Release|ARM
		{2E56AFF3-B46E-42CC-82C7-5DCF97BFCF35}.AppStore|ARM.Deploy.0 = Release|ARM
		{2E56AFF3-B46E-42CC-82C7-5DCF97BFCF35}.AppStore|iPhone.ActiveCfg = Release|Any CPU
		{2E56AFF3-B46E-42CC-82C7-5DCF97BFCF35}.AppStore|iPhone.Build.0 = Release|Any CPU
		{2E56AFF3-B46E-42CC-82C7-5DCF97BFCF35}.AppStore|iPhone.Deploy.0 = Release|Any CPU
		{2E56AFF3-B46E-42CC-82C7-5DCF97BFCF35}.AppStore|iPhoneSimulator.ActiveCfg = Release|Any CPU
		{2E56AFF3-B46E-42CC-82C7-5DCF97BFCF35}.AppStore|iPhoneSimulator.Build.0 = Release|Any CPU
		{2E56AFF3-B46E-42CC-82C7-5DCF97BFCF35}.AppStore|iPhoneSimulator.Deploy.0 = Release|Any CPU
		{2E56AFF3-B46E-42CC-82C7-5DCF97BFCF35}.AppStore|x64.ActiveCfg = Release|Any CPU
		{2E56AFF3-B46E-42CC-82C7-5DCF97BFCF35}.AppStore|x64.Build.0 = Release|Any CPU
		{2E56AFF3-B46E-42CC-82C7-5DCF97BFCF35}.AppStore|x64.Deploy.0 = Release|Any CPU
		{2E56AFF3-B46E-42CC-82C7-5DCF97BFCF35}.AppStore|x86.ActiveCfg = Release|x86
		{2E56AFF3-B46E-42CC-82C7-5DCF97BFCF35}.AppStore|x86.Build.0 = Release|x86
		{2E56AFF3-B46E-42CC-82C7-5DCF97BFCF35}.AppStore|x86.Deploy.0 = Release|x86
		{2E56AFF3-B46E-42CC-82C7-5DCF97BFCF35}.Debug|Any CPU.ActiveCfg = Debug|Any CPU
		{2E56AFF3-B46E-42CC-82C7-5DCF97BFCF35}.Debug|Any CPU.Build.0 = Debug|Any CPU
		{2E56AFF3-B46E-42CC-82C7-5DCF97BFCF35}.Debug|Any CPU.Deploy.0 = Debug|Any CPU
		{2E56AFF3-B46E-42CC-82C7-5DCF97BFCF35}.Debug|ARM.ActiveCfg = Debug|ARM
		{2E56AFF3-B46E-42CC-82C7-5DCF97BFCF35}.Debug|ARM.Build.0 = Debug|ARM
		{2E56AFF3-B46E-42CC-82C7-5DCF97BFCF35}.Debug|ARM.Deploy.0 = Debug|ARM
		{2E56AFF3-B46E-42CC-82C7-5DCF97BFCF35}.Debug|iPhone.ActiveCfg = Debug|Any CPU
		{2E56AFF3-B46E-42CC-82C7-5DCF97BFCF35}.Debug|iPhone.Build.0 = Debug|Any CPU
		{2E56AFF3-B46E-42CC-82C7-5DCF97BFCF35}.Debug|iPhone.Deploy.0 = Debug|Any CPU
		{2E56AFF3-B46E-42CC-82C7-5DCF97BFCF35}.Debug|iPhoneSimulator.ActiveCfg = Debug|Any CPU
		{2E56AFF3-B46E-42CC-82C7-5DCF97BFCF35}.Debug|iPhoneSimulator.Build.0 = Debug|Any CPU
		{2E56AFF3-B46E-42CC-82C7-5DCF97BFCF35}.Debug|iPhoneSimulator.Deploy.0 = Debug|Any CPU
		{2E56AFF3-B46E-42CC-82C7-5DCF97BFCF35}.Debug|x64.ActiveCfg = Debug|Any CPU
		{2E56AFF3-B46E-42CC-82C7-5DCF97BFCF35}.Debug|x64.Build.0 = Debug|Any CPU
		{2E56AFF3-B46E-42CC-82C7-5DCF97BFCF35}.Debug|x64.Deploy.0 = Debug|Any CPU
		{2E56AFF3-B46E-42CC-82C7-5DCF97BFCF35}.Debug|x86.ActiveCfg = Debug|x86
		{2E56AFF3-B46E-42CC-82C7-5DCF97BFCF35}.Debug|x86.Build.0 = Debug|x86
		{2E56AFF3-B46E-42CC-82C7-5DCF97BFCF35}.Debug|x86.Deploy.0 = Debug|x86
		{2E56AFF3-B46E-42CC-82C7-5DCF97BFCF35}.Release|Any CPU.ActiveCfg = Release|Any CPU
		{2E56AFF3-B46E-42CC-82C7-5DCF97BFCF35}.Release|Any CPU.Build.0 = Release|Any CPU
		{2E56AFF3-B46E-42CC-82C7-5DCF97BFCF35}.Release|Any CPU.Deploy.0 = Release|Any CPU
		{2E56AFF3-B46E-42CC-82C7-5DCF97BFCF35}.Release|ARM.ActiveCfg = Release|ARM
		{2E56AFF3-B46E-42CC-82C7-5DCF97BFCF35}.Release|ARM.Build.0 = Release|ARM
		{2E56AFF3-B46E-42CC-82C7-5DCF97BFCF35}.Release|ARM.Deploy.0 = Release|ARM
		{2E56AFF3-B46E-42CC-82C7-5DCF97BFCF35}.Release|iPhone.ActiveCfg = Release|Any CPU
		{2E56AFF3-B46E-42CC-82C7-5DCF97BFCF35}.Release|iPhone.Build.0 = Release|Any CPU
		{2E56AFF3-B46E-42CC-82C7-5DCF97BFCF35}.Release|iPhone.Deploy.0 = Release|Any CPU
		{2E56AFF3-B46E-42CC-82C7-5DCF97BFCF35}.Release|iPhoneSimulator.ActiveCfg = Release|Any CPU
		{2E56AFF3-B46E-42CC-82C7-5DCF97BFCF35}.Release|iPhoneSimulator.Build.0 = Release|Any CPU
		{2E56AFF3-B46E-42CC-82C7-5DCF97BFCF35}.Release|iPhoneSimulator.Deploy.0 = Release|Any CPU
		{2E56AFF3-B46E-42CC-82C7-5DCF97BFCF35}.Release|x64.ActiveCfg = Release|Any CPU
		{2E56AFF3-B46E-42CC-82C7-5DCF97BFCF35}.Release|x64.Build.0 = Release|Any CPU
		{2E56AFF3-B46E-42CC-82C7-5DCF97BFCF35}.Release|x64.Deploy.0 = Release|Any CPU
		{2E56AFF3-B46E-42CC-82C7-5DCF97BFCF35}.Release|x86.ActiveCfg = Release|x86
		{2E56AFF3-B46E-42CC-82C7-5DCF97BFCF35}.Release|x86.Build.0 = Release|x86
		{2E56AFF3-B46E-42CC-82C7-5DCF97BFCF35}.Release|x86.Deploy.0 = Release|x86
		{72E65D47-6709-465C-B2C6-CD61969BFD87}.Ad-Hoc|Any CPU.ActiveCfg = Release|x86
		{72E65D47-6709-465C-B2C6-CD61969BFD87}.Ad-Hoc|Any CPU.Build.0 = Release|x86
		{72E65D47-6709-465C-B2C6-CD61969BFD87}.Ad-Hoc|Any CPU.Deploy.0 = Release|x86
		{72E65D47-6709-465C-B2C6-CD61969BFD87}.Ad-Hoc|ARM.ActiveCfg = Release|ARM
		{72E65D47-6709-465C-B2C6-CD61969BFD87}.Ad-Hoc|ARM.Build.0 = Release|ARM
		{72E65D47-6709-465C-B2C6-CD61969BFD87}.Ad-Hoc|ARM.Deploy.0 = Release|ARM
		{72E65D47-6709-465C-B2C6-CD61969BFD87}.Ad-Hoc|iPhone.ActiveCfg = Release|x86
		{72E65D47-6709-465C-B2C6-CD61969BFD87}.Ad-Hoc|iPhone.Build.0 = Release|x86
		{72E65D47-6709-465C-B2C6-CD61969BFD87}.Ad-Hoc|iPhone.Deploy.0 = Release|x86
		{72E65D47-6709-465C-B2C6-CD61969BFD87}.Ad-Hoc|iPhoneSimulator.ActiveCfg = Release|x86
		{72E65D47-6709-465C-B2C6-CD61969BFD87}.Ad-Hoc|iPhoneSimulator.Build.0 = Release|x86
		{72E65D47-6709-465C-B2C6-CD61969BFD87}.Ad-Hoc|iPhoneSimulator.Deploy.0 = Release|x86
		{72E65D47-6709-465C-B2C6-CD61969BFD87}.Ad-Hoc|x64.ActiveCfg = Release|x64
		{72E65D47-6709-465C-B2C6-CD61969BFD87}.Ad-Hoc|x64.Build.0 = Release|x64
		{72E65D47-6709-465C-B2C6-CD61969BFD87}.Ad-Hoc|x64.Deploy.0 = Release|x64
		{72E65D47-6709-465C-B2C6-CD61969BFD87}.Ad-Hoc|x86.ActiveCfg = Release|x86
		{72E65D47-6709-465C-B2C6-CD61969BFD87}.Ad-Hoc|x86.Build.0 = Release|x86
		{72E65D47-6709-465C-B2C6-CD61969BFD87}.Ad-Hoc|x86.Deploy.0 = Release|x86
		{72E65D47-6709-465C-B2C6-CD61969BFD87}.AppStore|Any CPU.ActiveCfg = Release|x86
		{72E65D47-6709-465C-B2C6-CD61969BFD87}.AppStore|Any CPU.Build.0 = Release|x86
		{72E65D47-6709-465C-B2C6-CD61969BFD87}.AppStore|Any CPU.Deploy.0 = Release|x86
		{72E65D47-6709-465C-B2C6-CD61969BFD87}.AppStore|ARM.ActiveCfg = Release|ARM
		{72E65D47-6709-465C-B2C6-CD61969BFD87}.AppStore|ARM.Build.0 = Release|ARM
		{72E65D47-6709-465C-B2C6-CD61969BFD87}.AppStore|ARM.Deploy.0 = Release|ARM
		{72E65D47-6709-465C-B2C6-CD61969BFD87}.AppStore|iPhone.ActiveCfg = Release|x86
		{72E65D47-6709-465C-B2C6-CD61969BFD87}.AppStore|iPhone.Build.0 = Release|x86
		{72E65D47-6709-465C-B2C6-CD61969BFD87}.AppStore|iPhone.Deploy.0 = Release|x86
		{72E65D47-6709-465C-B2C6-CD61969BFD87}.AppStore|iPhoneSimulator.ActiveCfg = Release|x86
		{72E65D47-6709-465C-B2C6-CD61969BFD87}.AppStore|iPhoneSimulator.Build.0 = Release|x86
		{72E65D47-6709-465C-B2C6-CD61969BFD87}.AppStore|iPhoneSimulator.Deploy.0 = Release|x86
		{72E65D47-6709-465C-B2C6-CD61969BFD87}.AppStore|x64.ActiveCfg = Release|x64
		{72E65D47-6709-465C-B2C6-CD61969BFD87}.AppStore|x64.Build.0 = Release|x64
		{72E65D47-6709-465C-B2C6-CD61969BFD87}.AppStore|x64.Deploy.0 = Release|x64
		{72E65D47-6709-465C-B2C6-CD61969BFD87}.AppStore|x86.ActiveCfg = Release|x86
		{72E65D47-6709-465C-B2C6-CD61969BFD87}.AppStore|x86.Build.0 = Release|x86
		{72E65D47-6709-465C-B2C6-CD61969BFD87}.AppStore|x86.Deploy.0 = Release|x86
		{72E65D47-6709-465C-B2C6-CD61969BFD87}.Debug|Any CPU.ActiveCfg = Debug|x86
		{72E65D47-6709-465C-B2C6-CD61969BFD87}.Debug|ARM.ActiveCfg = Debug|ARM
		{72E65D47-6709-465C-B2C6-CD61969BFD87}.Debug|ARM.Build.0 = Debug|ARM
		{72E65D47-6709-465C-B2C6-CD61969BFD87}.Debug|ARM.Deploy.0 = Debug|ARM
		{72E65D47-6709-465C-B2C6-CD61969BFD87}.Debug|iPhone.ActiveCfg = Debug|x86
		{72E65D47-6709-465C-B2C6-CD61969BFD87}.Debug|iPhoneSimulator.ActiveCfg = Debug|x86
		{72E65D47-6709-465C-B2C6-CD61969BFD87}.Debug|x64.ActiveCfg = Debug|x64
		{72E65D47-6709-465C-B2C6-CD61969BFD87}.Debug|x64.Build.0 = Debug|x64
		{72E65D47-6709-465C-B2C6-CD61969BFD87}.Debug|x64.Deploy.0 = Debug|x64
		{72E65D47-6709-465C-B2C6-CD61969BFD87}.Debug|x86.ActiveCfg = Debug|x86
		{72E65D47-6709-465C-B2C6-CD61969BFD87}.Debug|x86.Build.0 = Debug|x86
		{72E65D47-6709-465C-B2C6-CD61969BFD87}.Debug|x86.Deploy.0 = Debug|x86
		{72E65D47-6709-465C-B2C6-CD61969BFD87}.Release|Any CPU.ActiveCfg = Release|x86
		{72E65D47-6709-465C-B2C6-CD61969BFD87}.Release|ARM.ActiveCfg = Release|ARM
		{72E65D47-6709-465C-B2C6-CD61969BFD87}.Release|ARM.Build.0 = Release|ARM
		{72E65D47-6709-465C-B2C6-CD61969BFD87}.Release|ARM.Deploy.0 = Release|ARM
		{72E65D47-6709-465C-B2C6-CD61969BFD87}.Release|iPhone.ActiveCfg = Release|x86
		{72E65D47-6709-465C-B2C6-CD61969BFD87}.Release|iPhoneSimulator.ActiveCfg = Release|x86
		{72E65D47-6709-465C-B2C6-CD61969BFD87}.Release|x64.ActiveCfg = Release|x64
		{72E65D47-6709-465C-B2C6-CD61969BFD87}.Release|x64.Build.0 = Release|x64
		{72E65D47-6709-465C-B2C6-CD61969BFD87}.Release|x64.Deploy.0 = Release|x64
		{72E65D47-6709-465C-B2C6-CD61969BFD87}.Release|x86.ActiveCfg = Release|x86
		{72E65D47-6709-465C-B2C6-CD61969BFD87}.Release|x86.Build.0 = Release|x86
		{72E65D47-6709-465C-B2C6-CD61969BFD87}.Release|x86.Deploy.0 = Release|x86
		{E08C67E0-F44F-4659-9753-23F70490979E}.Ad-Hoc|Any CPU.ActiveCfg = Release|Any CPU
		{E08C67E0-F44F-4659-9753-23F70490979E}.Ad-Hoc|Any CPU.Build.0 = Release|Any CPU
		{E08C67E0-F44F-4659-9753-23F70490979E}.Ad-Hoc|Any CPU.Deploy.0 = Release|Any CPU
		{E08C67E0-F44F-4659-9753-23F70490979E}.Ad-Hoc|ARM.ActiveCfg = Release|ARM
		{E08C67E0-F44F-4659-9753-23F70490979E}.Ad-Hoc|ARM.Build.0 = Release|ARM
		{E08C67E0-F44F-4659-9753-23F70490979E}.Ad-Hoc|ARM.Deploy.0 = Release|ARM
		{E08C67E0-F44F-4659-9753-23F70490979E}.Ad-Hoc|iPhone.ActiveCfg = Release|Any CPU
		{E08C67E0-F44F-4659-9753-23F70490979E}.Ad-Hoc|iPhone.Build.0 = Release|Any CPU
		{E08C67E0-F44F-4659-9753-23F70490979E}.Ad-Hoc|iPhone.Deploy.0 = Release|Any CPU
		{E08C67E0-F44F-4659-9753-23F70490979E}.Ad-Hoc|iPhoneSimulator.ActiveCfg = Release|Any CPU
		{E08C67E0-F44F-4659-9753-23F70490979E}.Ad-Hoc|iPhoneSimulator.Build.0 = Release|Any CPU
		{E08C67E0-F44F-4659-9753-23F70490979E}.Ad-Hoc|iPhoneSimulator.Deploy.0 = Release|Any CPU
		{E08C67E0-F44F-4659-9753-23F70490979E}.Ad-Hoc|x64.ActiveCfg = Release|x64
		{E08C67E0-F44F-4659-9753-23F70490979E}.Ad-Hoc|x64.Build.0 = Release|x64
		{E08C67E0-F44F-4659-9753-23F70490979E}.Ad-Hoc|x64.Deploy.0 = Release|x64
		{E08C67E0-F44F-4659-9753-23F70490979E}.Ad-Hoc|x86.ActiveCfg = Release|x86
		{E08C67E0-F44F-4659-9753-23F70490979E}.Ad-Hoc|x86.Build.0 = Release|x86
		{E08C67E0-F44F-4659-9753-23F70490979E}.Ad-Hoc|x86.Deploy.0 = Release|x86
		{E08C67E0-F44F-4659-9753-23F70490979E}.AppStore|Any CPU.ActiveCfg = Release|Any CPU
		{E08C67E0-F44F-4659-9753-23F70490979E}.AppStore|Any CPU.Build.0 = Release|Any CPU
		{E08C67E0-F44F-4659-9753-23F70490979E}.AppStore|Any CPU.Deploy.0 = Release|Any CPU
		{E08C67E0-F44F-4659-9753-23F70490979E}.AppStore|ARM.ActiveCfg = Release|ARM
		{E08C67E0-F44F-4659-9753-23F70490979E}.AppStore|ARM.Build.0 = Release|ARM
		{E08C67E0-F44F-4659-9753-23F70490979E}.AppStore|ARM.Deploy.0 = Release|ARM
		{E08C67E0-F44F-4659-9753-23F70490979E}.AppStore|iPhone.ActiveCfg = Release|Any CPU
		{E08C67E0-F44F-4659-9753-23F70490979E}.AppStore|iPhone.Build.0 = Release|Any CPU
		{E08C67E0-F44F-4659-9753-23F70490979E}.AppStore|iPhone.Deploy.0 = Release|Any CPU
		{E08C67E0-F44F-4659-9753-23F70490979E}.AppStore|iPhoneSimulator.ActiveCfg = Release|Any CPU
		{E08C67E0-F44F-4659-9753-23F70490979E}.AppStore|iPhoneSimulator.Build.0 = Release|Any CPU
		{E08C67E0-F44F-4659-9753-23F70490979E}.AppStore|iPhoneSimulator.Deploy.0 = Release|Any CPU
		{E08C67E0-F44F-4659-9753-23F70490979E}.AppStore|x64.ActiveCfg = Release|x64
		{E08C67E0-F44F-4659-9753-23F70490979E}.AppStore|x64.Build.0 = Release|x64
		{E08C67E0-F44F-4659-9753-23F70490979E}.AppStore|x64.Deploy.0 = Release|x64
		{E08C67E0-F44F-4659-9753-23F70490979E}.AppStore|x86.ActiveCfg = Release|x86
		{E08C67E0-F44F-4659-9753-23F70490979E}.AppStore|x86.Build.0 = Release|x86
		{E08C67E0-F44F-4659-9753-23F70490979E}.AppStore|x86.Deploy.0 = Release|x86
		{E08C67E0-F44F-4659-9753-23F70490979E}.Debug|Any CPU.ActiveCfg = Debug|Any CPU
		{E08C67E0-F44F-4659-9753-23F70490979E}.Debug|Any CPU.Build.0 = Debug|Any CPU
		{E08C67E0-F44F-4659-9753-23F70490979E}.Debug|Any CPU.Deploy.0 = Debug|Any CPU
		{E08C67E0-F44F-4659-9753-23F70490979E}.Debug|ARM.ActiveCfg = Debug|ARM
		{E08C67E0-F44F-4659-9753-23F70490979E}.Debug|ARM.Build.0 = Debug|ARM
		{E08C67E0-F44F-4659-9753-23F70490979E}.Debug|ARM.Deploy.0 = Debug|ARM
		{E08C67E0-F44F-4659-9753-23F70490979E}.Debug|iPhone.ActiveCfg = Debug|Any CPU
		{E08C67E0-F44F-4659-9753-23F70490979E}.Debug|iPhone.Build.0 = Debug|Any CPU
		{E08C67E0-F44F-4659-9753-23F70490979E}.Debug|iPhone.Deploy.0 = Debug|Any CPU
		{E08C67E0-F44F-4659-9753-23F70490979E}.Debug|iPhoneSimulator.ActiveCfg = Debug|Any CPU
		{E08C67E0-F44F-4659-9753-23F70490979E}.Debug|iPhoneSimulator.Build.0 = Debug|Any CPU
		{E08C67E0-F44F-4659-9753-23F70490979E}.Debug|iPhoneSimulator.Deploy.0 = Debug|Any CPU
		{E08C67E0-F44F-4659-9753-23F70490979E}.Debug|x64.ActiveCfg = Debug|x64
		{E08C67E0-F44F-4659-9753-23F70490979E}.Debug|x64.Build.0 = Debug|x64
		{E08C67E0-F44F-4659-9753-23F70490979E}.Debug|x64.Deploy.0 = Debug|x64
		{E08C67E0-F44F-4659-9753-23F70490979E}.Debug|x86.ActiveCfg = Debug|x86
		{E08C67E0-F44F-4659-9753-23F70490979E}.Debug|x86.Build.0 = Debug|x86
		{E08C67E0-F44F-4659-9753-23F70490979E}.Debug|x86.Deploy.0 = Debug|x86
		{E08C67E0-F44F-4659-9753-23F70490979E}.Release|Any CPU.ActiveCfg = Release|Any CPU
		{E08C67E0-F44F-4659-9753-23F70490979E}.Release|Any CPU.Build.0 = Release|Any CPU
		{E08C67E0-F44F-4659-9753-23F70490979E}.Release|Any CPU.Deploy.0 = Release|Any CPU
		{E08C67E0-F44F-4659-9753-23F70490979E}.Release|ARM.ActiveCfg = Release|ARM
		{E08C67E0-F44F-4659-9753-23F70490979E}.Release|ARM.Build.0 = Release|ARM
		{E08C67E0-F44F-4659-9753-23F70490979E}.Release|ARM.Deploy.0 = Release|ARM
		{E08C67E0-F44F-4659-9753-23F70490979E}.Release|iPhone.ActiveCfg = Release|Any CPU
		{E08C67E0-F44F-4659-9753-23F70490979E}.Release|iPhone.Build.0 = Release|Any CPU
		{E08C67E0-F44F-4659-9753-23F70490979E}.Release|iPhone.Deploy.0 = Release|Any CPU
		{E08C67E0-F44F-4659-9753-23F70490979E}.Release|iPhoneSimulator.ActiveCfg = Release|Any CPU
		{E08C67E0-F44F-4659-9753-23F70490979E}.Release|iPhoneSimulator.Build.0 = Release|Any CPU
		{E08C67E0-F44F-4659-9753-23F70490979E}.Release|iPhoneSimulator.Deploy.0 = Release|Any CPU
		{E08C67E0-F44F-4659-9753-23F70490979E}.Release|x64.ActiveCfg = Release|x64
		{E08C67E0-F44F-4659-9753-23F70490979E}.Release|x64.Build.0 = Release|x64
		{E08C67E0-F44F-4659-9753-23F70490979E}.Release|x64.Deploy.0 = Release|x64
		{E08C67E0-F44F-4659-9753-23F70490979E}.Release|x86.ActiveCfg = Release|x86
		{E08C67E0-F44F-4659-9753-23F70490979E}.Release|x86.Build.0 = Release|x86
		{E08C67E0-F44F-4659-9753-23F70490979E}.Release|x86.Deploy.0 = Release|x86
	EndGlobalSection
	GlobalSection(SolutionProperties) = preSolution
		HideSolutionNode = FALSE
	EndGlobalSection
EndGlobal
